
Microsoft Visual Studio Solution File, Format Version 12.00
# Visual Studio Version 17
VisualStudioVersion = 17.10.35013.160
MinimumVisualStudioVersion = 10.0.40219.1
Project("{FAE04EC0-301F-11D3-BF4B-00C04F79EFBC}") = "52", "52\52.csproj", "{9EFE1FA6-2D94-488B-9E6F-E6E59CCB760C}"
EndProject
Global
	GlobalSection(SolutionConfigurationPlatforms) = preSolution
		Debug|Any CPU = Debug|Any CPU
		Release|Any CPU = Release|Any CPU
	EndGlobalSection
	GlobalSection(ProjectConfigurationPlatforms) = postSolution
		{9EFE1FA6-2D94-488B-9E6F-E6E59CCB760C}.Debug|Any CPU.ActiveCfg = Debug|Any CPU
		{9EFE1FA6-2D94-488B-9E6F-E6E59CCB760C}.Debug|Any CPU.Build.0 = Debug|Any CPU
		{9EFE1FA6-2D94-488B-9E6F-E6E59CCB760C}.Release|Any CPU.ActiveCfg = Release|Any CPU
		{9EFE1FA6-2D94-488B-9E6F-E6E59CCB760C}.Release|Any CPU.Build.0 = Release|Any CPU
	EndGlobalSection
	GlobalSection(SolutionProperties) = preSolution
		HideSolutionNode = FALSE
	EndGlobalSection
	GlobalSection(ExtensibilityGlobals) = postSolution
		SolutionGuid = {54A00751-51D0-46A4-99AE-4E48A8623F46}
	EndGlobalSection
EndGlobal
